version: 7
platforms:
- name: linux-64
- name: linux-aarch64
- name: osx-64
- name: osx-arm64
- name: win-64
environments:
  default:
    channels:
    - url: https://conda.anaconda.org/conda-forge/
    packages:
      linux-64:
      - conda: https://conda.anaconda.org/conda-forge/linux-64/_openmp_mutex-4.5-20_gnu.conda
      - conda: https://conda.anaconda.org/conda-forge/linux-64/c-ares-1.34.8-hebe6cf0_2.conda
      - conda: https://conda.anaconda.org/conda-forge/linux-64/icu-78.3-py310h44b86e0_2.conda
      - conda: https://conda.anaconda.org/conda-forge/linux-64/libabseil-20260526.0-cxx17_h0dc7533_2.conda
      - conda: https://conda.anaconda.org/conda-forge/linux-64/libbrotlicommon-1.2.0-h39a168f_4.conda
      - conda: https://conda.anaconda.org/conda-forge/linux-64/libbrotlidec-1.2.0-ha411449_4.conda
      - conda: https://conda.anaconda.org/conda-forge/linux-64/libbrotlienc-1.2.0-h018ffa1_4.conda
      - conda: https://conda.anaconda.org/conda-forge/linux-64/libev-4.33-h280c20c_3.conda
      - conda: https://conda.anaconda.org/conda-forge/linux-64/libgcc-16.2.0-ha9f2e26_4.conda
      - conda: https://conda.anaconda.org/conda-forge/linux-64/libgomp-16.2.0-he0feb66_4.conda
      - conda: https://conda.anaconda.org/conda-forge/linux-64/libnghttp2-1.68.1-h74cf4be_1.conda
      - conda: https://conda.anaconda.org/conda-forge/linux-64/libsqlite-3.53.4-h13e7031_1.conda
      - conda: https://conda.anaconda.org/conda-forge/linux-64/libstdcxx-16.2.0-h934c35e_4.conda
      - conda: https://conda.anaconda.org/conda-forge/linux-64/libuv-1.52.1-h280c20c_1.conda
      - conda: https://conda.anaconda.org/conda-forge/linux-64/libzlib-1.3.2-h25fd6f3_3.conda
      - conda: https://conda.anaconda.org/conda-forge/linux-64/lychee-0.23.0-he64ecbb_0.conda
      - conda: https://conda.anaconda.org/conda-forge/linux-64/nodejs-26.8.1-ha5cdc1e_1.conda
      - conda: https://conda.anaconda.org/conda-forge/linux-64/openssl-3.6.4-h781a0a9_0.conda
      - conda: https://conda.anaconda.org/conda-forge/linux-64/zstd-1.5.7-hb78ec9c_7.conda
      - conda: https://conda.anaconda.org/conda-forge/noarch/ca-certificates-2026.7.22-hbd8a1cb_0.conda
      linux-aarch64:
      - conda: https://conda.anaconda.org/conda-forge/linux-aarch64/_openmp_mutex-4.5-20_gnu.conda
      - conda: https://conda.anaconda.org/conda-forge/linux-aarch64/c-ares-1.34.8-h29ee22c_2.conda
      - conda: https://conda.anaconda.org/conda-forge/linux-aarch64/icu-78.3-py311h3512406_2.conda
      - conda: https://conda.anaconda.org/conda-forge/linux-aarch64/libabseil-20260526.0-cxx17_hc5e897d_2.conda
      - conda: https://conda.anaconda.org/conda-forge/linux-aarch64/libbrotlicommon-1.2.0-h384ecca_4.conda
      - conda: https://conda.anaconda.org/conda-forge/linux-aarch64/libbrotlidec-1.2.0-h011f0d3_4.conda
      - conda: https://conda.anaconda.org/conda-forge/linux-aarch64/libbrotlienc-1.2.0-hb247b97_4.conda
      - conda: https://conda.anaconda.org/conda-forge/linux-aarch64/libev-4.33-h80f16a2_3.conda
      - conda: https://conda.anaconda.org/conda-forge/linux-aarch64/libgcc-16.2.0-h205dda4_4.conda
      - conda: https://conda.anaconda.org/conda-forge/linux-aarch64/libgomp-16.2.0-h8acb6b2_4.conda
      - conda: https://conda.anaconda.org/conda-forge/linux-aarch64/libnghttp2-1.68.1-ha4b982d_1.conda
      - conda: https://conda.anaconda.org/conda-forge/linux-aarch64/libsqlite-3.53.4-h399dd60_1.conda
      - conda: https://conda.anaconda.org/conda-forge/linux-aarch64/libstdcxx-16.2.0-hef695bb_4.conda
      - conda: https://conda.anaconda.org/conda-forge/linux-aarch64/libuv-1.52.1-h80f16a2_1.conda
      - conda: https://conda.anaconda.org/conda-forge/linux-aarch64/libzlib-1.3.2-hdc9db2a_3.conda
      - conda: https://conda.anaconda.org/conda-forge/linux-aarch64/lychee-0.23.0-hb434046_0.conda
      - conda: https://conda.anaconda.org/conda-forge/linux-aarch64/nodejs-26.8.1-hfa2f511_1.conda
      - conda: https://conda.anaconda.org/conda-forge/linux-aarch64/openssl-3.6.4-he6ad1d5_0.conda
      - conda: https://conda.anaconda.org/conda-forge/linux-aarch64/zstd-1.5.7-h9d15635_7.conda
      - conda: https://conda.anaconda.org/conda-forge/noarch/ca-certificates-2026.7.22-hbd8a1cb_0.conda
      osx-64:
      - conda: https://conda.anaconda.org/conda-forge/noarch/ca-certificates-2026.7.22-hbd8a1cb_0.conda
      - conda: https://conda.anaconda.org/conda-forge/osx-64/c-ares-1.34.8-had63097_2.conda
      - conda: https://conda.anaconda.org/conda-forge/osx-64/icu-78.3-py313hbf1d544_2.conda
      - conda: https://conda.anaconda.org/conda-forge/osx-64/libabseil-20260526.0-cxx17_h6e8c311_2.conda
      - conda: https://conda.anaconda.org/conda-forge/osx-64/libbrotlicommon-1.2.0-he0616a4_4.conda
      - conda: https://conda.anaconda.org/conda-forge/osx-64/libbrotlidec-1.2.0-h4a2f56c_4.conda
      - conda: https://conda.anaconda.org/conda-forge/osx-64/libbrotlienc-1.2.0-h3d41943_4.conda
      - conda: https://conda.anaconda.org/conda-forge/osx-64/libcxx-23.1.0-h19cb2f5_0.conda
      - conda: https://conda.anaconda.org/conda-forge/osx-64/libev-4.33-ha3d0635_3.conda
      - conda: https://conda.anaconda.org/conda-forge/osx-64/libnghttp2-1.68.1-h1e30255_1.conda
      - conda: https://conda.anaconda.org/conda-forge/osx-64/libsqlite-3.53.4-ha5db789_1.conda
      - conda: https://conda.anaconda.org/conda-forge/osx-64/libuv-1.52.1-ha3d0635_1.conda
      - conda: https://conda.anaconda.org/conda-forge/osx-64/libzlib-1.3.2-hbb4bfdb_3.conda
      - conda: https://conda.anaconda.org/conda-forge/osx-64/lychee-0.23.0-h651e3a3_0.conda
      - conda: https://conda.anaconda.org/conda-forge/osx-64/nodejs-26.8.1-hb4a83e6_1.conda
      - conda: https://conda.anaconda.org/conda-forge/osx-64/openssl-3.6.4-h332eb6d_0.conda
      - conda: https://conda.anaconda.org/conda-forge/osx-64/zstd-1.5.7-hbc1a06c_7.conda
      osx-arm64:
      - conda: https://conda.anaconda.org/conda-forge/noarch/ca-certificates-2026.7.22-hbd8a1cb_0.conda
      - conda: https://conda.anaconda.org/conda-forge/osx-arm64/c-ares-1.34.8-h74c22ad_2.conda
      - conda: https://conda.anaconda.org/conda-forge/osx-arm64/icu-78.3-py310h579977c_2.conda
      - conda: https://conda.anaconda.org/conda-forge/osx-arm64/libabseil-20260526.0-cxx17_h4c27e2a_2.conda
      - conda: https://conda.anaconda.org/conda-forge/osx-arm64/libbrotlicommon-1.2.0-h1dcdb26_4.conda
      - conda: https://conda.anaconda.org/conda-forge/osx-arm64/libbrotlidec-1.2.0-h5295a6a_4.conda
      - conda: https://conda.anaconda.org/conda-forge/osx-arm64/libbrotlienc-1.2.0-h2ddc9cb_4.conda
      - conda: https://conda.anaconda.org/conda-forge/osx-arm64/libcxx-23.1.0-h55c6f16_0.conda
      - conda: https://conda.anaconda.org/conda-forge/osx-arm64/libev-4.33-h1a92334_3.conda
      - conda: https://conda.anaconda.org/conda-forge/osx-arm64/libnghttp2-1.68.1-h435687b_1.conda
      - conda: https://conda.anaconda.org/conda-forge/osx-arm64/libsqlite-3.53.4-hca69786_1.conda
      - conda: https://conda.anaconda.org/conda-forge/osx-arm64/libuv-1.52.1-h1a92334_1.conda
      - conda: https://conda.anaconda.org/conda-forge/osx-arm64/libzlib-1.3.2-h8088a28_3.conda
      - conda: https://conda.anaconda.org/conda-forge/osx-arm64/lychee-0.23.0-h17e24d4_0.conda
      - conda: https://conda.anaconda.org/conda-forge/osx-arm64/nodejs-26.8.1-h8d74fab_1.conda
      - conda: https://conda.anaconda.org/conda-forge/osx-arm64/openssl-3.6.4-h55eecbc_0.conda
      - conda: https://conda.anaconda.org/conda-forge/osx-arm64/zstd-1.5.7-hf451053_7.conda
      win-64:
      - conda: https://conda.anaconda.org/conda-forge/noarch/ca-certificates-2026.7.22-h4c7d964_0.conda
      - conda: https://conda.anaconda.org/conda-forge/win-64/lychee-0.23.0-hb3eb754_0.conda
      - conda: https://conda.anaconda.org/conda-forge/win-64/nodejs-26.8.1-h80d1838_1.conda
      - conda: https://conda.anaconda.org/conda-forge/win-64/openssl-3.6.4-hf411b9b_0.conda
      - conda: https://conda.anaconda.org/conda-forge/win-64/ucrt-10.0.26100.0-h57928b3_0.conda
      - conda: https://conda.anaconda.org/conda-forge/win-64/vc-14.5-ha367084_41.conda
      - conda: https://conda.anaconda.org/conda-forge/win-64/vc14_runtime-14.51.36247-habf1de7_41.conda
      - conda: https://conda.anaconda.org/conda-forge/win-64/vcomp14-14.51.36247-habf1de7_41.conda
packages:
- conda: https://conda.anaconda.org/conda-forge/linux-64/_openmp_mutex-4.5-20_gnu.conda
  build_number: 20
  sha256: 1dd3fffd892081df9726d7eb7e0dea6198962ba775bd88842135a4ddb4deb3c9
  md5: a9f577daf3de00bca7c3c76c0ecbd1de
  depends:
  - __glibc >=2.17,<3.0.a0
  - libgomp >=7.5.0
  constrains:
  - openmp_impl <0.0a0
  license: BSD-3-Clause
  license_family: BSD
  run_exports:
    strong:
    - _openmp_mutex >=4.5
  size: 28948
  timestamp: 1770939786096
- conda: https://conda.anaconda.org/conda-forge/linux-64/c-ares-1.34.8-hebe6cf0_2.conda
  sha256: 9c37cc233238adf366ea75b0e845662a5be07ceadf62e458183516369340274b
  md5: 3ad2b403be8fc5612b9159e2ce621f69
  depends:
  - libgcc >=15
  - __glibc >=2.17,<3.0.a0
  license: MIT
  license_family: MIT
  run_exports:
    weak:
    - c-ares >=1.34.8,<2.0a0
  size: 228700
  timestamp: 1787169971173
- conda: https://conda.anaconda.org/conda-forge/linux-64/icu-78.3-py310h44b86e0_2.conda
  sha256: 9f07834f0c546ab14d885ce0366285f61f44e326c0edd1fc63b8294e113ae432
  md5: 72a381cbad04f24b1c2a43ef707f45b4
  depends:
  - __glibc >=2.17,<3.0.a0
  - libstdcxx >=14
  - libgcc >=14
  license: MIT
  license_family: MIT
  run_exports:
    weak:
    - icu >=78.3,<79.0a0
  size: 14459115
  timestamp: 1786545741408
- conda: https://conda.anaconda.org/conda-forge/linux-64/libabseil-20260526.0-cxx17_h0dc7533_2.conda
  sha256: 7bb3d495411b7059e85225aae500d84e7846a4bb02ebd77e4450200b20c180f0
  md5: 6983bfe8e09992014b9cf393769c7a84
  depends:
  - __glibc >=2.17,<3.0.a0
  - libgcc >=14
  - libstdcxx >=14
  constrains:
  - abseil-cpp =20260526.0
  - libabseil-static =20260526.0=cxx17*
  license: Apache-2.0
  license_family: Apache
  run_exports:
    weak:
    - libabseil >=20260526.0,<20260527.0a0
    - libabseil =*=cxx17*
  size: 1436888
  timestamp: 1787217011773
- conda: https://conda.anaconda.org/conda-forge/linux-64/libbrotlicommon-1.2.0-h39a168f_4.conda
  sha256: c4e9854c585f3ee1785f651287ecdf8c28f30a2ea1b159a513005f8a0f6453a3
  md5: df210655e30a05e3b069c91b7aaddd2d
  depends:
  - __glibc >=2.17,<3.0.a0
  - libgcc >=15
  license: MIT
  license_family: MIT
  run_exports:
    weak:
    - libbrotlicommon >=1.2.0,<1.3.0a0
  size: 80561
  timestamp: 1788480364653
- conda: https://conda.anaconda.org/conda-forge/linux-64/libbrotlidec-1.2.0-ha411449_4.conda
  sha256: d5ed24da3e583a92227fe77280978b7933f07a39a2b60156c5ad95e5c76733fa
  md5: 0cfd601eb03cca403dcc248844787486
  depends:
  - __glibc >=2.17,<3.0.a0
  - libbrotlicommon 1.2.0 h39a168f_4
  - libgcc >=15
  license: MIT
  license_family: MIT
  run_exports:
    weak:
    - libbrotlidec >=1.2.0,<1.3.0a0
  size: 34739
  timestamp: 1788480374261
- conda: https://conda.anaconda.org/conda-forge/linux-64/libbrotlienc-1.2.0-h018ffa1_4.conda
  sha256: b9f3cb510337655485c2e79ce5f7dd468991b19ad29723ffa1175a0aed1b69ae
  md5: 4136f6e4ef4835cc7df39a707cbd511c
  depends:
  - __glibc >=2.17,<3.0.a0
  - libbrotlicommon 1.2.0 h39a168f_4
  - libgcc >=15
  license: MIT
  license_family: MIT
  run_exports:
    weak:
    - libbrotlienc >=1.2.0,<1.3.0a0
  size: 298134
  timestamp: 1788480383223
- conda: https://conda.anaconda.org/conda-forge/linux-64/libev-4.33-h280c20c_3.conda
  sha256: e4418f68d01a6307c4431b585c71b584f40189877364e542ee87deb777f5e85b
  md5: 7bc31538d6e3fb349e897353969237ec
  depends:
  - libgcc >=14
  - __glibc >=2.17,<3.0.a0
  license: BSD-2-Clause OR GPL-2.0-or-later
  license_family: GPL
  run_exports:
    weak:
    - libev >=4.33,<4.34.0a0
  size: 43220
  timestamp: 1785917328200
- conda: https://conda.anaconda.org/conda-forge/linux-64/libgcc-16.2.0-ha9f2e26_4.conda
  sha256: 24090e675d34403b4ee1cd4372d8f6c0937da7ecfd66a19a57cac2ed0f4ea793
  md5: cba14d01083fc62ffd32c24d7d390633
  depends:
  - __glibc >=2.17,<3.0.a0
  - _openmp_mutex >=4.5
  constrains:
  - libgcc-ng ==16.2.0=*_4
  - libgomp 16.2.0 he0feb66_4
  license: GPL-3.0-only WITH GCC-exception-3.1
  license_family: GPL
  run_exports: {}
  size: 1058083
  timestamp: 1787618680111
- conda: https://conda.anaconda.org/conda-forge/linux-64/libgomp-16.2.0-he0feb66_4.conda
  sha256: 0fe5cb8e0752241ab55e11656ed1b9726248b522d23b929fe7c95b83eb55b9bb
  md5: 89d2c1231f47bd818f5d624b9411459d
  depends:
  - __glibc >=2.17,<3.0.a0
  license: GPL-3.0-only WITH GCC-exception-3.1
  license_family: GPL
  run_exports:
    strong:
    - _openmp_mutex >=4.5
  size: 639968
  timestamp: 1787618616266
- conda: https://conda.anaconda.org/conda-forge/linux-64/libnghttp2-1.68.1-h74cf4be_1.conda
  sha256: 11a2f54a6f391e25738bce0023e6ef499600147bbcf21c1fa69d2e251b03cc6a
  md5: 75d211f04ac87506f1f43420712a69fe
  depends:
  - __glibc >=2.17,<3.0.a0
  - c-ares >=1.34.8,<2.0a0
  - libev >=4.33,<4.34.0a0
  - libev >=4.33,<5.0a0
  - libgcc >=15
  - libstdcxx >=15
  - libzlib >=1.3.2,<2.0a0
  - openssl >=3.5.7,<4.0a0
  license: MIT
  license_family: MIT
  run_exports:
    weak:
    - libnghttp2 >=1.68.1,<2.0a0
  size: 649974
  timestamp: 1787177490105
- conda: https://conda.anaconda.org/conda-forge/linux-64/libsqlite-3.53.4-h13e7031_1.conda
  sha256: f20d70da54e5b31dd4a51fb1efeaafafd5ab6dd8d7ac9d1438eaa2526ac4ed3d
  md5: e72bbec309c2b0f37823ee7d4fabfcd3
  depends:
  - __glibc >=2.17,<3.0.a0
  - icu >=78.3,<79.0a0
  - libgcc >=15
  - libzlib >=1.3.2,<2.0a0
  license: blessing
  run_exports:
    weak:
    - libsqlite >=3.53.4,<4.0a0
  size: 974348
  timestamp: 1787051145557
- conda: https://conda.anaconda.org/conda-forge/linux-64/libstdcxx-16.2.0-h934c35e_4.conda
  sha256: 40b792b0186c1e8859280a1f6f19a54fc50a11b32724fc7b637009c1a9bd302b
  md5: 2f2ef0d96de5bdd8c1270ff22fdf9352
  depends:
  - __glibc >=2.17,<3.0.a0
  - libgcc 16.2.0 ha9f2e26_4
  constrains:
  - libstdcxx-ng ==16.2.0=*_4
  license: GPL-3.0-only WITH GCC-exception-3.1
  license_family: GPL
  run_exports: {}
  size: 6613148
  timestamp: 1787618704262
- conda: https://conda.anaconda.org/conda-forge/linux-64/libuv-1.52.1-h280c20c_1.conda
  sha256: 67761d0206f84140047a367eaf9befe03a7e157a29ee25aee0047b40801cc6b6
  md5: 01c4ed87826af55996768af6dbc936b4
  depends:
  - libgcc >=14
  - __glibc >=2.17,<3.0.a0
  license: MIT
  license_family: MIT
  run_exports:
    weak:
    - libuv >=1.52.1,<2.0a0
  size: 420040
  timestamp: 1785914567661
- conda: https://conda.anaconda.org/conda-forge/linux-64/libzlib-1.3.2-h25fd6f3_3.conda
  sha256: eb8a0db0aa570124f7d2a93d7c7f596e3390df5e047818d873baad32985fc736
  md5: 0de0122d9570a8ab637c6b73db268389
  depends:
  - __glibc >=2.17,<3.0.a0
  constrains:
  - zlib 1.3.2 *_3
  license: Zlib
  license_family: Other
  run_exports:
    weak:
    - libzlib >=1.3.2,<2.0a0
  size: 63713
  timestamp: 1785362952714
- conda: https://conda.anaconda.org/conda-forge/linux-64/lychee-0.23.0-he64ecbb_0.conda
  sha256: 0b1bc4b4a8fde5bf474f5b63c64fe356b3f47034f1d485fedd630b2d17de8fb5
  md5: d89182800d61d9e4922f4f338cd28362
  depends:
  - __glibc >=2.17,<3.0.a0
  - libgcc >=14
  - openssl >=3.5.5,<4.0a0
  constrains:
  - __glibc >=2.17
  license: Apache-2.0 OR MIT
  run_exports: {}
  size: 5582609
  timestamp: 1771270353931
- conda: https://conda.anaconda.org/conda-forge/linux-64/nodejs-26.8.1-ha5cdc1e_1.conda
  sha256: 6515ca4c94acf5578ab4eeb023473aa7a487f8c5ff623a911522e21f0406b302
  md5: 9acda8a8ee3b3288683afd12aced191f
  depends:
  - __glibc >=2.28,<3.0.a0
  - libgcc >=15
  - libstdcxx >=15
  - libnghttp2 >=1.68.1,<2.0a0
  - icu >=78.3,<79.0a0
  - openssl >=3.5.8,<4.0a0
  - libsqlite >=3.53.4,<4.0a0
  - libbrotlicommon >=1.2.0,<1.3.0a0
  - libbrotlienc >=1.2.0,<1.3.0a0
  - libbrotlidec >=1.2.0,<1.3.0a0
  - libzlib >=1.3.2,<2.0a0
  - libuv >=1.52.1,<2.0a0
  - c-ares >=1.34.8,<2.0a0
  - zstd >=1.5.7,<1.6.0a0
  - libabseil >=20260526.0,<20260527.0a0
  - libabseil * cxx17*
  license: MIT
  license_family: MIT
  run_exports:
    weak:
    - nodejs >=26.8.1,<27.0a0
  size: 20236637
  timestamp: 1788585655289
- conda: https://conda.anaconda.org/conda-forge/linux-64/openssl-3.6.4-h781a0a9_0.conda
  sha256: 4747b2d6a8336f52343bceb8a1ebf41a9e6e665b9d2e3f989972de53a310599e
  md5: 16e3034a330cc625f2c685edec60cf4e
  depends:
  - __glibc >=2.17,<3.0.a0
  - ca-certificates
  - libgcc >=15
  license: Apache-2.0
  license_family: Apache
  run_exports:
    weak:
    - openssl >=3.6.4,<4.0a0
  size: 3202955
  timestamp: 1787698780103
- conda: https://conda.anaconda.org/conda-forge/linux-64/zstd-1.5.7-hb78ec9c_7.conda
  sha256: 47d682b9f6d6ec9eb1a6e6c3e75ea6273e899e78fb7fc59f81d39745009fbc60
  md5: aa459086047c0e5e27023ab19f8cb86a
  depends:
  - __glibc >=2.17,<3.0.a0
  - libzlib >=1.3.2,<2.0a0
  license: BSD-3-Clause
  license_family: BSD
  run_exports:
    weak:
    - zstd >=1.5.7,<1.6.0a0
  size: 601301
  timestamp: 1786599621503
- conda: https://conda.anaconda.org/conda-forge/linux-aarch64/_openmp_mutex-4.5-20_gnu.conda
  build_number: 20
  sha256: a2527b1d81792a0ccd2c05850960df119c2b6d8f5fdec97f2db7d25dc23b1068
  md5: 468fd3bb9e1f671d36c2cbc677e56f1d
  depends:
  - libgomp >=7.5.0
  constrains:
  - openmp_impl <0.0a0
  license: BSD-3-Clause
  license_family: BSD
  run_exports:
    strong:
    - _openmp_mutex >=4.5
  size: 28926
  timestamp: 1770939656741
- conda: https://conda.anaconda.org/conda-forge/linux-aarch64/c-ares-1.34.8-h29ee22c_2.conda
  sha256: 3838d10a78c206a1a4ec7ff041880b4f9b8ecde3520c911daae9e06baeb8858e
  md5: eb80eb38625b8552a099aa88f8ba5db7
  depends:
  - libgcc >=15
  license: MIT
  license_family: MIT
  run_exports:
    weak:
    - c-ares >=1.34.8,<2.0a0
  size: 241210
  timestamp: 1787169968125
- conda: https://conda.anaconda.org/conda-forge/linux-aarch64/icu-78.3-py311h3512406_2.conda
  sha256: 54d921defd947adb58a90e10203d3bfe6c1f209f5f1a1ad2c6a9f7617f2fb59e
  md5: b35bbb1b957440ed742f35fb96eb7f1c
  depends:
  - libgcc >=14
  - libstdcxx >=14
  license: MIT
  license_family: MIT
  run_exports:
    weak:
    - icu >=78.3,<79.0a0
  size: 14688525
  timestamp: 1786545779464
- conda: https://conda.anaconda.org/conda-forge/linux-aarch64/libabseil-20260526.0-cxx17_hc5e897d_2.conda
  sha256: 2f21286b1c8c978c629cf2fd18c6715f15c5c57fa6d9283587b8f66290bfbfc3
  md5: 46a7ae7c040e95909dd43808414747fb
  depends:
  - libgcc >=14
  - libstdcxx >=14
  constrains:
  - abseil-cpp =20260526.0
  - libabseil-static =20260526.0=cxx17*
  license: Apache-2.0
  license_family: Apache
  run_exports:
    weak:
    - libabseil >=20260526.0,<20260527.0a0
    - libabseil =*=cxx17*
  size: 1460594
  timestamp: 1787216970549
- conda: https://conda.anaconda.org/conda-forge/linux-aarch64/libbrotlicommon-1.2.0-h384ecca_4.conda
  sha256: 0caa2f9a3c56f139fd574d9300ecc062de96b11b50699024dde0365262f5a02a
  md5: 20d76286cd6c6541181ccf57a8dbd990
  depends:
  - libgcc >=15
  license: MIT
  license_family: MIT
  run_exports:
    weak:
    - libbrotlicommon >=1.2.0,<1.3.0a0
  size: 80434
  timestamp: 1788480285525
- conda: https://conda.anaconda.org/conda-forge/linux-aarch64/libbrotlidec-1.2.0-h011f0d3_4.conda
  sha256: 4aee7fa5bbbdd446b2c94ddbec121337bb98e20c15c477aaacf2a50cd5337208
  md5: fcf455f3f376d5a881e4c38de3943c31
  depends:
  - libbrotlicommon 1.2.0 h384ecca_4
  - libgcc >=15
  license: MIT
  license_family: MIT
  run_exports:
    weak:
    - libbrotlidec >=1.2.0,<1.3.0a0
  size: 33822
  timestamp: 1788480293314
- conda: https://conda.anaconda.org/conda-forge/linux-aarch64/libbrotlienc-1.2.0-hb247b97_4.conda
  sha256: e75639e57bc119cee647a283b27bd87ddb518b4d23df7f26176f4af6d47d79cd
  md5: 2b6839131a93ae1148a80aa436906365
  depends:
  - libbrotlicommon 1.2.0 h384ecca_4
  - libgcc >=15
  license: MIT
  license_family: MIT
  run_exports:
    weak:
    - libbrotlienc >=1.2.0,<1.3.0a0
  size: 348272
  timestamp: 1788480299628
- conda: https://conda.anaconda.org/conda-forge/linux-aarch64/libev-4.33-h80f16a2_3.conda
  sha256: 4475f79a020e9ff2a5a0308c48cb2970a25d55c3dd724a97ab28bfac3be6cd49
  md5: f679b30a53d410d0b5ae0cb8f5b7397e
  depends:
  - libgcc >=14
  license: BSD-2-Clause OR GPL-2.0-or-later
  license_family: GPL
  run_exports:
    weak:
    - libev >=4.33,<4.34.0a0
  size: 45746
  timestamp: 1785917328690
- conda: https://conda.anaconda.org/conda-forge/linux-aarch64/libgcc-16.2.0-h205dda4_4.conda
  sha256: a132d78d49d0fa0a08e9e2a77528a12d974e8e123bc32895c0bd0a737b8abd89
  md5: 2c81f8ce7bda35c7a88c4c044452a97c
  depends:
  - _openmp_mutex >=4.5
  constrains:
  - libgcc-ng ==16.2.0=*_4
  - libgomp 16.2.0 h8acb6b2_4
  license: GPL-3.0-only WITH GCC-exception-3.1
  license_family: GPL
  run_exports: {}
  size: 627810
  timestamp: 1787617756679
- conda: https://conda.anaconda.org/conda-forge/linux-aarch64/libgomp-16.2.0-h8acb6b2_4.conda
  sha256: 6d216e6dc9a158b920f6e0c1dfdd6d77575bf79420dadf85d64576298ecb4503
  md5: 727c19b26cd43140e4a90a6f8f1cc31a
  license: GPL-3.0-only WITH GCC-exception-3.1
  license_family: GPL
  run_exports:
    strong:
    - _openmp_mutex >=4.5
  size: 617987
  timestamp: 1787617685449
- conda: https://conda.anaconda.org/conda-forge/linux-aarch64/libnghttp2-1.68.1-ha4b982d_1.conda
  sha256: 0c28d734512fa2c66a232b2f3968eae7124dbd6ad42c594c752f1d08dfb86195
  md5: ff4b2b7c169c438bf648fb14f369c3b9
  depends:
  - c-ares >=1.34.8,<2.0a0
  - libev >=4.33,<4.34.0a0
  - libev >=4.33,<5.0a0
  - libgcc >=15
  - libstdcxx >=15
  - libzlib >=1.3.2,<2.0a0
  - openssl >=3.5.7,<4.0a0
  license: MIT
  license_family: MIT
  run_exports:
    weak:
    - libnghttp2 >=1.68.1,<2.0a0
  size: 734829
  timestamp: 1787177407983
- conda: https://conda.anaconda.org/conda-forge/linux-aarch64/libsqlite-3.53.4-h399dd60_1.conda
  sha256: fae75e68e9dbc3c90dcf93d4bae6315f1330c95aaf1404a721e8468266c23475
  md5: 27e16aa1f45c787aa181549be6f209f4
  depends:
  - icu >=78.3,<79.0a0
  - libgcc >=15
  - libzlib >=1.3.2,<2.0a0
  license: blessing
  run_exports:
    weak:
    - libsqlite >=3.53.4,<4.0a0
  size: 972932
  timestamp: 1787051100646
- conda: https://conda.anaconda.org/conda-forge/linux-aarch64/libstdcxx-16.2.0-hef695bb_4.conda
  sha256: 84d2b667bce6549325243235952110b1849ff2dfd7091a1479108930b88057d5
  md5: 47b6b37e291c14f39bd95f9d340c45f5
  depends:
  - libgcc 16.2.0 h205dda4_4
  constrains:
  - libstdcxx-ng ==16.2.0=*_4
  license: GPL-3.0-only WITH GCC-exception-3.1
  license_family: GPL
  run_exports: {}
  size: 6241792
  timestamp: 1787617775395
- conda: https://conda.anaconda.org/conda-forge/linux-aarch64/libuv-1.52.1-h80f16a2_1.conda
  sha256: 52f4bc6e340bde53bfe38e45f6cb1080a2d5f8891da9a647087f7cc6a6edfc22
  md5: 8e2136432f02841b9d8b848045f66d7d
  depends:
  - libgcc >=14
  license: MIT
  license_family: MIT
  run_exports:
    weak:
    - libuv >=1.52.1,<2.0a0
  size: 457209
  timestamp: 1785914582944
- conda: https://conda.anaconda.org/conda-forge/linux-aarch64/libzlib-1.3.2-hdc9db2a_3.conda
  sha256: 76efa6cc9d7e6f5ee3bbca0939f64054af2bdfb3c3632531f8e633cf6c2ea41e
  md5: bd534c2fbe56d8c2ea3b2d8f5e12bca8
  constrains:
  - zlib 1.3.2 *_3
  license: Zlib
  license_family: Other
  run_exports:
    weak:
    - libzlib >=1.3.2,<2.0a0
  size: 70108
  timestamp: 1785276540870
- conda: https://conda.anaconda.org/conda-forge/linux-aarch64/lychee-0.23.0-hb434046_0.conda
  sha256: 82ac7b7b6d1e9e8c929ac21993a0e036bfd4ee2d3db54913d4635476067901eb
  md5: 347b587a5e72646fefa74431216c1c4a
  depends:
  - libgcc >=14
  - openssl >=3.5.5,<4.0a0
  constrains:
  - __glibc >=2.17
  license: Apache-2.0 OR MIT
  run_exports: {}
  size: 5422618
  timestamp: 1771270379661
- conda: https://conda.anaconda.org/conda-forge/linux-aarch64/nodejs-26.8.1-hfa2f511_1.conda
  sha256: 778301ef5f1df230a971e45387a3fedebba62cbc130a199de52cd0d50f3690a4
  md5: 1274fe21da4b3ec500f939acecb39d7e
  depends:
  - libgcc >=15
  - __glibc >=2.28,<3.0.a0
  - libstdcxx >=15
  - libbrotlicommon >=1.2.0,<1.3.0a0
  - libbrotlienc >=1.2.0,<1.3.0a0
  - libbrotlidec >=1.2.0,<1.3.0a0
  - libzlib >=1.3.2,<2.0a0
  - zstd >=1.5.7,<1.6.0a0
  - libabseil >=20260526.0,<20260527.0a0
  - libabseil * cxx17*
  - openssl >=3.5.8,<4.0a0
  - icu >=78.3,<79.0a0
  - libuv >=1.52.1,<2.0a0
  - libnghttp2 >=1.68.1,<2.0a0
  - c-ares >=1.34.8,<2.0a0
  - libsqlite >=3.53.4,<4.0a0
  license: MIT
  license_family: MIT
  run_exports:
    weak:
    - nodejs >=26.8.1,<27.0a0
  size: 26969983
  timestamp: 1788585711391
- conda: https://conda.anaconda.org/conda-forge/linux-aarch64/openssl-3.6.4-he6ad1d5_0.conda
  sha256: a70c05a9baba9b1ce17c7e8b9479029372069b3bf402dbf200bc03696c531bed
  md5: 4aa504e081d16263e90c335df5499b4d
  depends:
  - ca-certificates
  - libgcc >=15
  license: Apache-2.0
  license_family: Apache
  run_exports:
    weak:
    - openssl >=3.6.4,<4.0a0
  size: 3712923
  timestamp: 1787698545024
- conda: https://conda.anaconda.org/conda-forge/linux-aarch64/zstd-1.5.7-h9d15635_7.conda
  sha256: 427fd14bcb3b8659796fecc682716617409350fb5a98e5b7b47558a10d1a2fc7
  md5: d942e34ac3920ba83f8b2d0169570187
  depends:
  - libzlib >=1.3.2,<2.0a0
  license: BSD-3-Clause
  license_family: BSD
  run_exports:
    weak:
    - zstd >=1.5.7,<1.6.0a0
  size: 615477
  timestamp: 1786599613561
- conda: https://conda.anaconda.org/conda-forge/noarch/ca-certificates-2026.7.22-h4c7d964_0.conda
  sha256: 95e8e74062a5fe5f870ac8c90302b6e89945165fdaed7810606e84ddee6aac12
  md5: e27d2ac27b096dc51fedfcf775a53f9b
  depends:
  - __win
  license: ISC
  run_exports: {}
  size: 132136
  timestamp: 1784754918886
- conda: https://conda.anaconda.org/conda-forge/noarch/ca-certificates-2026.7.22-hbd8a1cb_0.conda
  sha256: 0a0544cf95f64394fe4959286f5c71f5444ad58feb0602e53becb27448d24da6
  md5: 0f51e2391ade309db462a55611263e9c
  depends:
  - __unix
  license: ISC
  run_exports: {}
  size: 131780
  timestamp: 1784754889428
- conda: https://conda.anaconda.org/conda-forge/osx-64/c-ares-1.34.8-had63097_2.conda
  sha256: a00162ac4b2f68a6ddf23905e9d2fdb3ecd5abad51659f512539952a780d53ed
  md5: 925ff9ab74f4b9262a28842766e9e7b1
  depends:
  - __osx >=11.0
  license: MIT
  license_family: MIT
  run_exports:
    weak:
    - c-ares >=1.34.8,<2.0a0
  size: 205559
  timestamp: 1787170041830
- conda: https://conda.anaconda.org/conda-forge/osx-64/icu-78.3-py313hbf1d544_2.conda
  sha256: 3abd86f3441f143b6b3203c92ae0d88dd8396a8857940af468f1fab854cdae57
  md5: f13f4740c18b562bf2662d494bad6099
  depends:
  - __osx >=11.0
  license: MIT
  license_family: MIT
  run_exports:
    weak:
    - icu >=78.3,<79.0a0
  size: 14223209
  timestamp: 1786545868538
- conda: https://conda.anaconda.org/conda-forge/osx-64/libabseil-20260526.0-cxx17_h6e8c311_2.conda
  sha256: d077578fc3a684f7ad246f87622a3a9702d429dd14e690a1bbfc6644480ebb92
  md5: 02e11f8c54cef4f022bc1a086d5f7c2f
  depends:
  - __osx >=11.0
  - libcxx >=19
  constrains:
  - abseil-cpp =20260526.0
  - libabseil-static =20260526.0=cxx17*
  license: Apache-2.0
  license_family: Apache
  run_exports:
    weak:
    - libabseil >=20260526.0,<20260527.0a0
    - libabseil =*=cxx17*
  size: 1269390
  timestamp: 1787217935603
- conda: https://conda.anaconda.org/conda-forge/osx-64/libbrotlicommon-1.2.0-he0616a4_4.conda
  sha256: 14560b40c2c318f76ea517452f810ae9b9b752a75014138ff1ad06dba7c7e55d
  md5: faa59453024554888f67ac3142f6e4f4
  depends:
  - __osx >=11.0
  license: MIT
  license_family: MIT
  run_exports:
    weak:
    - libbrotlicommon >=1.2.0,<1.3.0a0
  size: 78827
  timestamp: 1788480981901
- conda: https://conda.anaconda.org/conda-forge/osx-64/libbrotlidec-1.2.0-h4a2f56c_4.conda
  sha256: 61d001395c040d0879bc25e1a012f0d80dff315a3b96da1f4018a6815341442a
  md5: 23362431ccf826a88ea0bdefd2ffa9dd
  depends:
  - __osx >=11.0
  - libbrotlicommon 1.2.0 he0616a4_4
  license: MIT
  license_family: MIT
  run_exports:
    weak:
    - libbrotlidec >=1.2.0,<1.3.0a0
  size: 31518
  timestamp: 1788481027514
- conda: https://conda.anaconda.org/conda-forge/osx-64/libbrotlienc-1.2.0-h3d41943_4.conda
  sha256: fb3c5a415789e7cbd6a6cd2453716ab18c360a66e46a8e2abb8b99b719535bb7
  md5: c9d01f04f03fff927a846e1985a89383
  depends:
  - __osx >=11.0
  - libbrotlicommon 1.2.0 he0616a4_4
  license: MIT
  license_family: MIT
  run_exports:
    weak:
    - libbrotlienc >=1.2.0,<1.3.0a0
  size: 312039
  timestamp: 1788481058122
- conda: https://conda.anaconda.org/conda-forge/osx-64/libcxx-23.1.0-h19cb2f5_0.conda
  sha256: da5b60cbdaf8d931e2534f3b17a0d9b5432ebc855509d36618d61a61f1f2909d
  md5: 925382e3a8a530f862be5be3b3aaf68b
  depends:
  - __osx >=11.0
  license: Apache-2.0 WITH LLVM-exception
  license_family: Apache
  run_exports: {}
  size: 576296
  timestamp: 1787699413070
- conda: https://conda.anaconda.org/conda-forge/osx-64/libev-4.33-ha3d0635_3.conda
  sha256: 223314a7476bdeb00f698937b6960fc51cb98627af2ac5a629e5150bcddb8abf
  md5: 6d2f0447151b390bdaed846e143272e3
  depends:
  - __osx >=11.0
  license: BSD-2-Clause OR GPL-2.0-or-later
  license_family: GPL
  run_exports:
    weak:
    - libev >=4.33,<4.34.0a0
  size: 40479
  timestamp: 1785917395373
- conda: https://conda.anaconda.org/conda-forge/osx-64/libnghttp2-1.68.1-h1e30255_1.conda
  sha256: 2d5c131553e83089be74988529d758e2a6dbb9227056d8fa19c01f5ccef6e6fc
  md5: b7c605bed8006cdeb822dd7de6ac87c7
  depends:
  - __osx >=11.0
  - c-ares >=1.34.8,<2.0a0
  - libcxx >=21
  - libev >=4.33,<4.34.0a0
  - libev >=4.33,<5.0a0
  - libzlib >=1.3.2,<2.0a0
  - openssl >=3.5.7,<4.0a0
  license: MIT
  license_family: MIT
  run_exports:
    weak:
    - libnghttp2 >=1.68.1,<2.0a0
  size: 598607
  timestamp: 1787178086085
- conda: https://conda.anaconda.org/conda-forge/osx-64/libsqlite-3.53.4-ha5db789_1.conda
  sha256: 78afe0bf88da66d7df62d39632aa69cb73eb32d923cd1175230ce2978618d9c8
  md5: 254c302876eacc77a4682b3fa6f72385
  depends:
  - __osx >=11.0
  - libzlib >=1.3.2,<2.0a0
  license: blessing
  run_exports:
    weak:
    - libsqlite >=3.53.4,<4.0a0
  size: 1008994
  timestamp: 1787051932723
- conda: https://conda.anaconda.org/conda-forge/osx-64/libuv-1.52.1-ha3d0635_1.conda
  sha256: 4aacf651487bf2cd4dcfab49ea98a00a34305919ff3a09b66b7ddaa97d8b316f
  md5: 17b0d6c818992264752f1a720be711fc
  depends:
  - __osx >=11.0
  license: MIT
  license_family: MIT
  run_exports:
    weak:
    - libuv >=1.52.1,<2.0a0
  size: 128560
  timestamp: 1785914631885
- conda: https://conda.anaconda.org/conda-forge/osx-64/libzlib-1.3.2-hbb4bfdb_3.conda
  sha256: b2dba286dd6632292b12296e761193b5ef9fb0eaeecaa481f5ba9af72c0c18e1
  md5: 7d3fa28263bb7f8ea32db11f570a5bb6
  depends:
  - __osx >=11.0
  constrains:
  - zlib 1.3.2 *_3
  license: Zlib
  license_family: Other
  run_exports:
    weak:
    - libzlib >=1.3.2,<2.0a0
  size: 58993
  timestamp: 1785276808631
- conda: https://conda.anaconda.org/conda-forge/osx-64/lychee-0.23.0-h651e3a3_0.conda
  sha256: 8037f7a2f536c5ded9353054377dd4f386a6cd52ee0fdfbd7e47911d63a8dc60
  md5: beea0174c7b90d94f2b5a7813faa7b64
  depends:
  - __osx >=11.0
  - openssl >=3.5.5,<4.0a0
  constrains:
  - __osx >=10.13
  license: Apache-2.0 OR MIT
  run_exports: {}
  size: 5527018
  timestamp: 1771270370972
- conda: https://conda.anaconda.org/conda-forge/osx-64/nodejs-26.8.1-hb4a83e6_1.conda
  sha256: c23b3f6781ef4e5dafb398014ea98ed5a86fc829dc398c44aa0aa6e451035caf
  md5: 55696cf0f05f3aa442057ed578edbf8d
  depends:
  - __osx >=12.0
  - libcxx >=21
  - libsqlite >=3.53.4,<4.0a0
  - c-ares >=1.34.8,<2.0a0
  - libabseil >=20260526.0,<20260527.0a0
  - libabseil * cxx17*
  - libuv >=1.52.1,<2.0a0
  - zstd >=1.5.7,<1.6.0a0
  - libnghttp2 >=1.68.1,<2.0a0
  - icu >=78.3,<79.0a0
  - openssl >=3.5.8,<4.0a0
  - libzlib >=1.3.2,<2.0a0
  - libbrotlicommon >=1.2.0,<1.3.0a0
  - libbrotlienc >=1.2.0,<1.3.0a0
  - libbrotlidec >=1.2.0,<1.3.0a0
  license: MIT
  license_family: MIT
  run_exports:
    weak:
    - nodejs >=26.8.1,<27.0a0
  size: 19635904
  timestamp: 1788585788350
- conda: https://conda.anaconda.org/conda-forge/osx-64/openssl-3.6.4-h332eb6d_0.conda
  sha256: 73d648d24f0994fd8641972848d74bd57b8d80888a64600643e3fe88a1b50545
  md5: 7a1b628e987d25df3ac6986d45bb0979
  depends:
  - __osx >=11.0
  - ca-certificates
  license: Apache-2.0
  license_family: Apache
  run_exports:
    weak:
    - openssl >=3.6.4,<4.0a0
  size: 2780873
  timestamp: 1787700098779
- conda: https://conda.anaconda.org/conda-forge/osx-64/zstd-1.5.7-hbc1a06c_7.conda
  sha256: 5277886d9704a624dc9b79ac985861e1e431bdb39a57c082507ab577a138ec6c
  md5: c1d11f04327e40537ffe6cad5b131019
  depends:
  - __osx >=11.0
  - libzlib >=1.3.2,<2.0a0
  license: BSD-3-Clause
  license_family: BSD
  run_exports:
    weak:
    - zstd >=1.5.7,<1.6.0a0
  size: 528228
  timestamp: 1786599702092
- conda: https://conda.anaconda.org/conda-forge/osx-arm64/c-ares-1.34.8-h74c22ad_2.conda
  sha256: 82bdd5a3fcada6afef6255a9bf41172f07b362f36e04a354dc2abc0a29bfb756
  md5: 4cc01a374215de38387d45e19c8c5c9c
  depends:
  - __osx >=11.0
  license: MIT
  license_family: MIT
  run_exports:
    weak:
    - c-ares >=1.34.8,<2.0a0
  size: 197819
  timestamp: 1787169996553
- conda: https://conda.anaconda.org/conda-forge/osx-arm64/icu-78.3-py310h579977c_2.conda
  sha256: 6cdb5dee54c72e56ab189fb3ad33cb28533553d42590e7e831160248f4416a43
  md5: a5efc0b42bb8b42e97d0a29ae3e3c187
  depends:
  - __osx >=11.0
  license: MIT
  license_family: MIT
  run_exports:
    weak:
    - icu >=78.3,<79.0a0
  size: 14070242
  timestamp: 1786545847761
- conda: https://conda.anaconda.org/conda-forge/osx-arm64/libabseil-20260526.0-cxx17_h4c27e2a_2.conda
  sha256: d9c62dae9d8f5bebadf72fcf369c00cc353183cb2521f9fffbf4c2f70b58bef9
  md5: 2aa5e7dc7b5d218908effd2a8c70a8a8
  depends:
  - __osx >=11.0
  - libcxx >=19
  constrains:
  - abseil-cpp =20260526.0
  - libabseil-static =20260526.0=cxx17*
  license: Apache-2.0
  license_family: Apache
  run_exports:
    weak:
    - libabseil >=20260526.0,<20260527.0a0
    - libabseil =*=cxx17*
  size: 1277537
  timestamp: 1787217005681
- conda: https://conda.anaconda.org/conda-forge/osx-arm64/libbrotlicommon-1.2.0-h1dcdb26_4.conda
  sha256: 8a6e4789a6049dabb41c6fcaf6719232245484d81dfeb199b5abdb95c84c9fc2
  md5: 8f3981871d167a6cd323e636e1929dd4
  depends:
  - __osx >=11.0
  license: MIT
  license_family: MIT
  run_exports:
    weak:
    - libbrotlicommon >=1.2.0,<1.3.0a0
  size: 79648
  timestamp: 1788480342707
- conda: https://conda.anaconda.org/conda-forge/osx-arm64/libbrotlidec-1.2.0-h5295a6a_4.conda
  sha256: 4e1f5989561de4546209b42c935795a41fa4265e0b670861480f1adffec623a8
  md5: da537a1643ef3e13bdccf16cca206f2c
  depends:
  - __osx >=11.0
  - libbrotlicommon 1.2.0 h1dcdb26_4
  license: MIT
  license_family: MIT
  run_exports:
    weak:
    - libbrotlidec >=1.2.0,<1.3.0a0
  size: 29864
  timestamp: 1788480352084
- conda: https://conda.anaconda.org/conda-forge/osx-arm64/libbrotlienc-1.2.0-h2ddc9cb_4.conda
  sha256: 4d2da97825b221054a39f492e4dffe361e1931c8381d0367f1e0598a50d02f34
  md5: 39a25d500b191c16996239c4afa104f1
  depends:
  - __osx >=11.0
  - libbrotlicommon 1.2.0 h1dcdb26_4
  license: MIT
  license_family: MIT
  run_exports:
    weak:
    - libbrotlienc >=1.2.0,<1.3.0a0
  size: 295505
  timestamp: 1788480359341
- conda: https://conda.anaconda.org/conda-forge/osx-arm64/libcxx-23.1.0-h55c6f16_0.conda
  sha256: d3e5f0b767964af25ef81edffc002f8e822b1a5c55330da1ae3a857f70c4e4ee
  md5: 5303ba06fab927399ed8dfb3227b0af8
  depends:
  - __osx >=11.0
  license: Apache-2.0 WITH LLVM-exception
  license_family: Apache
  run_exports: {}
  size: 575940
  timestamp: 1787698697875
- conda: https://conda.anaconda.org/conda-forge/osx-arm64/libev-4.33-h1a92334_3.conda
  sha256: c0100064506ae8abb432c5a506d474f10af2cf48c33d62bc221fb28b6d6ff6ac
  md5: 19e86c8a6a47e92bb2e70ca12e758c5c
  depends:
  - __osx >=11.0
  license: BSD-2-Clause OR GPL-2.0-or-later
  license_family: GPL
  run_exports:
    weak:
    - libev >=4.33,<4.34.0a0
  size: 39991
  timestamp: 1785917376956
- conda: https://conda.anaconda.org/conda-forge/osx-arm64/libnghttp2-1.68.1-h435687b_1.conda
  sha256: 445440d8cccccb6585f71d1eb7c949d64a2af2ced5481d924621424ff3b6a398
  md5: ac9902dcbe0417f50cf95ab2bde062fa
  depends:
  - __osx >=11.0
  - c-ares >=1.34.8,<2.0a0
  - libcxx >=21
  - libev >=4.33,<4.34.0a0
  - libev >=4.33,<5.0a0
  - libzlib >=1.3.2,<2.0a0
  - openssl >=3.5.7,<4.0a0
  license: MIT
  license_family: MIT
  run_exports:
    weak:
    - libnghttp2 >=1.68.1,<2.0a0
  size: 567024
  timestamp: 1787177422467
- conda: https://conda.anaconda.org/conda-forge/osx-arm64/libsqlite-3.53.4-hca69786_1.conda
  sha256: 839b31d4830e896b4d315b551d27f2bb08026bc946df04bcc360d8627c3ba2cd
  md5: fde96d40ebe9a9cb34e4122380189ddb
  depends:
  - __osx >=11.0
  - icu >=78.3,<79.0a0
  - libzlib >=1.3.2,<2.0a0
  license: blessing
  run_exports:
    weak:
    - libsqlite >=3.53.4,<4.0a0
  size: 942754
  timestamp: 1787051243846
- conda: https://conda.anaconda.org/conda-forge/osx-arm64/libuv-1.52.1-h1a92334_1.conda
  sha256: 4f47de9de1990efd998edbbd6793f89c8f02ffde987ae8120b1c006acefd2a04
  md5: de09bd0f175611e94f21b28f8c708e80
  depends:
  - __osx >=11.0
  license: MIT
  license_family: MIT
  run_exports:
    weak:
    - libuv >=1.52.1,<2.0a0
  size: 122729
  timestamp: 1785914645797
- conda: https://conda.anaconda.org/conda-forge/osx-arm64/libzlib-1.3.2-h8088a28_3.conda
  sha256: a18fa5d5bac452401459f966cf0d872224e8080c4ff93c77e168d43ab42ef9d7
  md5: f39288f0ea63ae962e1a2e4f355a0d75
  depends:
  - __osx >=11.0
  constrains:
  - zlib 1.3.2 *_3
  license: Zlib
  license_family: Other
  run_exports:
    weak:
    - libzlib >=1.3.2,<2.0a0
  size: 47822
  timestamp: 1785277049190
- conda: https://conda.anaconda.org/conda-forge/osx-arm64/lychee-0.23.0-h17e24d4_0.conda
  sha256: 412ccd60e68618a3ee449f6bd4152acdf249e62073e4dfa2e7c8d405fc62b1b0
  md5: 7fa0025f406d5cf3f1100f3a90156547
  depends:
  - __osx >=11.0
  - openssl >=3.5.5,<4.0a0
  constrains:
  - __osx >=11.0
  license: Apache-2.0 OR MIT
  run_exports: {}
  size: 5174311
  timestamp: 1771270398758
- conda: https://conda.anaconda.org/conda-forge/osx-arm64/nodejs-26.8.1-h8d74fab_1.conda
  sha256: 28df96e96b1340d2765578a04363b10478f206f81d87e6e8e3a84e6667aa8b46
  md5: 7a52bd4d500db6ff225e6a752de5e49c
  depends:
  - libcxx >=21
  - __osx >=12.0
  - libnghttp2 >=1.68.1,<2.0a0
  - libsqlite >=3.53.4,<4.0a0
  - libuv >=1.52.1,<2.0a0
  - libbrotlicommon >=1.2.0,<1.3.0a0
  - libbrotlienc >=1.2.0,<1.3.0a0
  - libbrotlidec >=1.2.0,<1.3.0a0
  - zstd >=1.5.7,<1.6.0a0
  - openssl >=3.5.8,<4.0a0
  - icu >=78.3,<79.0a0
  - libabseil >=20260526.0,<20260527.0a0
  - libabseil * cxx17*
  - libzlib >=1.3.2,<2.0a0
  - c-ares >=1.34.8,<2.0a0
  license: MIT
  license_family: MIT
  run_exports:
    weak:
    - nodejs >=26.8.1,<27.0a0
  size: 18329875
  timestamp: 1788585701832
- conda: https://conda.anaconda.org/conda-forge/osx-arm64/openssl-3.6.4-h55eecbc_0.conda
  sha256: f23239eacd75c4c50705e68fae1aa3292da473e6a3a4abe2330f1e6afa680704
  md5: ae71ab40048c19a389a7dcccb86c2481
  depends:
  - __osx >=11.0
  - ca-certificates
  license: Apache-2.0
  license_family: Apache
  run_exports:
    weak:
    - openssl >=3.6.4,<4.0a0
  size: 3110142
  timestamp: 1787698648639
- conda: https://conda.anaconda.org/conda-forge/osx-arm64/zstd-1.5.7-hf451053_7.conda
  sha256: da867f5092eb0cb746d353694f0098031fd9817a4ce7d5743121209ae0f406ca
  md5: 4ec2684c73812cc2c3d78379384a39cc
  depends:
  - __osx >=11.0
  - libzlib >=1.3.2,<2.0a0
  license: BSD-3-Clause
  license_family: BSD
  run_exports:
    weak:
    - zstd >=1.5.7,<1.6.0a0
  size: 433687
  timestamp: 1786599629846
- conda: https://conda.anaconda.org/conda-forge/win-64/lychee-0.23.0-hb3eb754_0.conda
  sha256: 28ee5a30bea795d00df2151fa000f32c16a605e6e5743600f674cd2234864f67
  md5: cbe8bd414d963d87749cfd47659d55c4
  depends:
  - vc >=14.3,<15
  - vc14_runtime >=14.44.35208
  - ucrt >=10.0.20348.0
  - openssl >=3.5.5,<4.0a0
  license: Apache-2.0 OR MIT
  run_exports: {}
  size: 5763830
  timestamp: 1771270396939
- conda: https://conda.anaconda.org/conda-forge/win-64/nodejs-26.8.1-h80d1838_1.conda
  sha256: 6c3d7797fe9855375e160ce6acf4ef076f41cb02b4b92c8b768326da303b5348
  md5: dbac9bb103c17d1318589036f1862dfe
  license: MIT
  license_family: MIT
  run_exports:
    weak:
    - nodejs >=26.8.1,<27.0a0
  size: 34245420
  timestamp: 1788585687407
- conda: https://conda.anaconda.org/conda-forge/win-64/openssl-3.6.4-hf411b9b_0.conda
  sha256: 9dddb559ba49744d5d94092d8d13cb0567f5c3b3f439f3acf28433d1f4256acc
  md5: 73cb1783f47c452be4c309430fbef89f
  depends:
  - ca-certificates
  - ucrt >=10.0.20348.0
  - vc >=14.3,<15
  - vc14_runtime >=14.44.35208
  license: Apache-2.0
  license_family: Apache
  run_exports:
    weak:
    - openssl >=3.6.4,<4.0a0
  size: 9474879
  timestamp: 1787699876495
- conda: https://conda.anaconda.org/conda-forge/win-64/ucrt-10.0.26100.0-h57928b3_0.conda
  sha256: 3005729dce6f3d3f5ec91dfc49fc75a0095f9cd23bab49efb899657297ac91a5
  md5: 71b24316859acd00bdb8b38f5e2ce328
  constrains:
  - vc14_runtime >=14.29.30037
  - vs2015_runtime >=14.29.30037
  license: LicenseRef-MicrosoftWindowsSDK10
  run_exports: {}
  size: 694692
  timestamp: 1756385147981
- conda: https://conda.anaconda.org/conda-forge/win-64/vc-14.5-ha367084_41.conda
  sha256: 35444c55a92e2f7f7ba26bc70f81e56e52344f7d064c0fd4b40a46a58517b79c
  md5: aa805b5522c2a98fa286e551a1f48546
  depends:
  - vc14_runtime >=14.51.36247
  track_features:
  - vc14
  license: BSD-3-Clause
  license_family: BSD
  run_exports: {}
  size: 21383
  timestamp: 1785359368566
- conda: https://conda.anaconda.org/conda-forge/win-64/vc14_runtime-14.51.36247-habf1de7_41.conda
  sha256: 4e4cb599cdc41bf2109d1464c127b5bcbddf548ce3e322e612afb691338b48f8
  md5: ac5333bb3d429361f23adf704cc49a78
  depends:
  - ucrt >=10.0.20348.0
  - vcomp14 14.51.36247 habf1de7_41
  constrains:
  - vs2015_runtime 14.51.36247.* *_41
  license: LicenseRef-MicrosoftVisualCpp2015-2022Runtime
  license_family: Proprietary
  run_exports: {}
  size: 767955
  timestamp: 1785359364369
- conda: https://conda.anaconda.org/conda-forge/win-64/vcomp14-14.51.36247-habf1de7_41.conda
  sha256: 731e043390c9457299484d39e427221fc868a9249540a498a5a4f6456c7744d1
  md5: 350bb67a5c8e5f1c53347ac544ab6600
  depends:
  - ucrt >=10.0.20348.0
  constrains:
  - vs2015_runtime 14.51.36247.* *_41
  license: LicenseRef-MicrosoftVisualCpp2015-2022Runtime
  license_family: Proprietary
  run_exports:
    strong:
    - vcomp14 >=14.51.36247
  size: 155910
  timestamp: 1785359349999
